
Microsoft Visual Studio Solution File, Format Version 12.00
# Visual Studio 14
VisualStudioVersion = 14.0.25420.1
MinimumVisualStudioVersion = 10.0.40219.1
Project("{FAE04EC0-301F-11D3-BF4B-00C04F79EFBC}") = "TeduShop.Web", "TeduShop.Web\TeduShop.Web.csproj", "{57FD14C3-7C26-483F-A421-E3751E5A9408}"
EndProject
Project("{FAE04EC0-301F-11D3-BF4B-00C04F79EFBC}") = "TeduShop.Common", "TeduShop.Common\TeduShop.Common.csproj", "{E5DA6EC0-D10B-40D4-9845-8DDD292483F6}"
EndProject
Project("{FAE04EC0-301F-11D3-BF4B-00C04F79EFBC}") = "TeduShop.Data", "TeduShop.Data\TeduShop.Data.csproj", "{BF404580-E717-413A-86E9-0EC07872F04E}"
EndProject
Project("{FAE04EC0-301F-11D3-BF4B-00C04F79EFBC}") = "TeduShop.Model", "TeduShop.Model\TeduShop.Model.csproj", "{D4B6549A-6238-411B-AEC4-F69EFC906622}"
EndProject
Project("{FAE04EC0-301F-11D3-BF4B-00C04F79EFBC}") = "TeduShop.Service", "TeduShop.Service\TeduShop.Service.csproj", "{7131FD0D-F25A-4727-89DC-8FF2BA95DE14}"
EndProject
Project("{FAE04EC0-301F-11D3-BF4B-00C04F79EFBC}") = "TeduShop.UnitTest", "TeduShop.UnitTest\TeduShop.UnitTest.csproj", "{0E197289-3842-4C2F-9FA3-6EBDD9D337F4}"
EndProject
Global
	GlobalSection(SolutionConfigurationPlatforms) = preSolution
		Debug|Any CPU = Debug|Any CPU
		Debug|ARM = Debug|ARM
		Debug|ARM64 = Debug|ARM64
		Debug|x64 = Debug|x64
		Debug|x86 = Debug|x86
		Release|Any CPU = Release|Any CPU
		Release|ARM = Release|ARM
		Release|ARM64 = Release|ARM64
		Release|x64 = Release|x64
		Release|x86 = Release|x86
	EndGlobalSection
	GlobalSection(ProjectConfigurationPlatforms) = postSolution
		{57FD14C3-7C26-483F-A421-E3751E5A9408}.Debug|Any CPU.ActiveCfg = Debug|Any CPU
		{57FD14C3-7C26-483F-A421-E3751E5A9408}.Debug|Any CPU.Build.0 = Debug|Any CPU
		{57FD14C3-7C26-483F-A421-E3751E5A9408}.Debug|ARM.ActiveCfg = Debug|Any CPU
		{57FD14C3-7C26-483F-A421-E3751E5A9408}.Debug|ARM.Build.0 = Debug|Any CPU
		{57FD14C3-7C26-483F-A421-E3751E5A9408}.Debug|ARM64.ActiveCfg = Debug|Any CPU
		{57FD14C3-7C26-483F-A421-E3751E5A9408}.Debug|ARM64.Build.0 = Debug|Any CPU
		{57FD14C3-7C26-483F-A421-E3751E5A9408}.Debug|x64.ActiveCfg = Debug|Any CPU
		{57FD14C3-7C26-483F-A421-E3751E5A9408}.Debug|x64.Build.0 = Debug|Any CPU
		{57FD14C3-7C26-483F-A421-E3751E5A9408}.Debug|x86.ActiveCfg = Debug|Any CPU
		{57FD14C3-7C26-483F-A421-E3751E5A9408}.Debug|x86.Build.0 = Debug|Any CPU
		{57FD14C3-7C26-483F-A421-E3751E5A9408}.Release|Any CPU.ActiveCfg = Release|Any CPU
		{57FD14C3-7C26-483F-A421-E3751E5A9408}.Release|Any CPU.Build.0 = Release|Any CPU
		{57FD14C3-7C26-483F-A421-E3751E5A9408}.Release|ARM.ActiveCfg = Release|Any CPU
		{57FD14C3-7C26-483F-A421-E3751E5A9408}.Release|ARM.Build.0 = Release|Any CPU
		{57FD14C3-7C26-483F-A421-E3751E5A9408}.Release|ARM64.ActiveCfg = Release|Any CPU
		{57FD14C3-7C26-483F-A421-E3751E5A9408}.Release|ARM64.Build.0 = Release|Any CPU
		{57FD14C3-7C26-483F-A421-E3751E5A9408}.Release|x64.ActiveCfg = Release|Any CPU
		{57FD14C3-7C26-483F-A421-E3751E5A9408}.Release|x64.Build.0 = Release|Any CPU
		{57FD14C3-7C26-483F-A421-E3751E5A9408}.Release|x86.ActiveCfg = Release|Any CPU
		{57FD14C3-7C26-483F-A421-E3751E5A9408}.Release|x86.Build.0 = Release|Any CPU
		{E5DA6EC0-D10B-40D4-9845-8DDD292483F6}.Debug|Any CPU.ActiveCfg = Debug|Any CPU
		{E5DA6EC0-D10B-40D4-9845-8DDD292483F6}.Debug|Any CPU.Build.0 = Debug|Any CPU
		{E5DA6EC0-D10B-40D4-9845-8DDD292483F6}.Debug|ARM.ActiveCfg = Debug|Any CPU
		{E5DA6EC0-D10B-40D4-9845-8DDD292483F6}.Debug|ARM.Build.0 = Debug|Any CPU
		{E5DA6EC0-D10B-40D4-9845-8DDD292483F6}.Debug|ARM64.ActiveCfg = Debug|Any CPU
		{E5DA6EC0-D10B-40D4-9845-8DDD292483F6}.Debug|ARM64.Build.0 = Debug|Any CPU
		{E5DA6EC0-D10B-40D4-9845-8DDD292483F6}.Debug|x64.ActiveCfg = Debug|Any CPU
		{E5DA6EC0-D10B-40D4-9845-8DDD292483F6}.Debug|x64.Build.0 = Debug|Any CPU
		{E5DA6EC0-D10B-40D4-9845-8DDD292483F6}.Debug|x86.ActiveCfg = Debug|Any CPU
		{E5DA6EC0-D10B-40D4-9845-8DDD292483F6}.Debug|x86.Build.0 = Debug|Any CPU
		{E5DA6EC0-D10B-40D4-9845-8DDD292483F6}.Release|Any CPU.ActiveCfg = Release|Any CPU
		{E5DA6EC0-D10B-40D4-9845-8DDD292483F6}.Release|Any CPU.Build.0 = Release|Any CPU
		{E5DA6EC0-D10B-40D4-9845-8DDD292483F6}.Release|ARM.ActiveCfg = Release|Any CPU
		{E5DA6EC0-D10B-40D4-9845-8DDD292483F6}.Release|ARM.Build.0 = Release|Any CPU
		{E5DA6EC0-D10B-40D4-9845-8DDD292483F6}.Release|ARM64.ActiveCfg = Release|Any CPU
		{E5DA6EC0-D10B-40D4-9845-8DDD292483F6}.Release|ARM64.Build.0 = Release|Any CPU
		{E5DA6EC0-D10B-40D4-9845-8DDD292483F6}.Release|x64.ActiveCfg = Release|Any CPU
		{E5DA6EC0-D10B-40D4-9845-8DDD292483F6}.Release|x64.Build.0 = Release|Any CPU
		{E5DA6EC0-D10B-40D4-9845-8DDD292483F6}.Release|x86.ActiveCfg = Release|Any CPU
		{E5DA6EC0-D10B-40D4-9845-8DDD292483F6}.Release|x86.Build.0 = Release|Any CPU
		{BF404580-E717-413A-86E9-0EC07872F04E}.Debug|Any CPU.ActiveCfg = Debug|Any CPU
		{BF404580-E717-413A-86E9-0EC07872F04E}.Debug|Any CPU.Build.0 = Debug|Any CPU
		{BF404580-E717-413A-86E9-0EC07872F04E}.Debug|ARM.ActiveCfg = Debug|Any CPU
		{BF404580-E717-413A-86E9-0EC07872F04E}.Debug|ARM.Build.0 = Debug|Any CPU
		{BF404580-E717-413A-86E9-0EC07872F04E}.Debug|ARM64.ActiveCfg = Debug|Any CPU
		{BF404580-E717-413A-86E9-0EC07872F04E}.Debug|ARM64.Build.0 = Debug|Any CPU
		{BF404580-E717-413A-86E9-0EC07872F04E}.Debug|x64.ActiveCfg = Debug|Any CPU
		{BF404580-E717-413A-86E9-0EC07872F04E}.Debug|x64.Build.0 = Debug|Any CPU
		{BF404580-E717-413A-86E9-0EC07872F04E}.Debug|x86.ActiveCfg = Debug|Any CPU
		{BF404580-E717-413A-86E9-0EC07872F04E}.Debug|x86.Build.0 = Debug|Any CPU
		{BF404580-E717-413A-86E9-0EC07872F04E}.Release|Any CPU.ActiveCfg = Release|Any CPU
		{BF404580-E717-413A-86E9-0EC07872F04E}.Release|Any CPU.Build.0 = Release|Any CPU
		{BF404580-E717-413A-86E9-0EC07872F04E}.Release|ARM.ActiveCfg = Release|Any CPU
		{BF404580-E717-413A-86E9-0EC07872F04E}.Release|ARM.Build.0 = Release|Any CPU
		{BF404580-E717-413A-86E9-0EC07872F04E}.Release|ARM64.ActiveCfg = Release|Any CPU
		{BF404580-E717-413A-86E9-0EC07872F04E}.Release|ARM64.Build.0 = Release|Any CPU
		{BF404580-E717-413A-86E9-0EC07872F04E}.Release|x64.ActiveCfg = Release|Any CPU
		{BF404580-E717-413A-86E9-0EC07872F04E}.Release|x64.Build.0 = Release|Any CPU
		{BF404580-E717-413A-86E9-0EC07872F04E}.Release|x86.ActiveCfg = Release|Any CPU
		{BF404580-E717-413A-86E9-0EC07872F04E}.Release|x86.Build.0 = Release|Any CPU
		{D4B6549A-6238-411B-AEC4-F69EFC906622}.Debug|Any CPU.ActiveCfg = Debug|Any CPU
		{D4B6549A-6238-411B-AEC4-F69EFC906622}.Debug|Any CPU.Build.0 = Debug|Any CPU
		{D4B6549A-6238-411B-AEC4-F69EFC906622}.Debug|ARM.ActiveCfg = Debug|Any CPU
		{D4B6549A-6238-411B-AEC4-F69EFC906622}.Debug|ARM.Build.0 = Debug|Any CPU
		{D4B6549A-6238-411B-AEC4-F69EFC906622}.Debug|ARM64.ActiveCfg = Debug|Any CPU
		{D4B6549A-6238-411B-AEC4-F69EFC906622}.Debug|ARM64.Build.0 = Debug|Any CPU
		{D4B6549A-6238-411B-AEC4-F69EFC906622}.Debug|x64.ActiveCfg = Debug|Any CPU
		{D4B6549A-6238-411B-AEC4-F69EFC906622}.Debug|x64.Build.0 = Debug|Any CPU
		{D4B6549A-6238-411B-AEC4-F69EFC906622}.Debug|x86.ActiveCfg = Debug|Any CPU
		{D4B6549A-6238-411B-AEC4-F69EFC906622}.Debug|x86.Build.0 = Debug|Any CPU
		{D4B6549A-6238-411B-AEC4-F69EFC906622}.Release|Any CPU.ActiveCfg = Release|Any CPU
		{D4B6549A-6238-411B-AEC4-F69EFC906622}.Release|Any CPU.Build.0 = Release|Any CPU
		{D4B6549A-6238-411B-AEC4-F69EFC906622}.Release|ARM.ActiveCfg = Release|Any CPU
		{D4B6549A-6238-411B-AEC4-F69EFC906622}.Release|ARM.Build.0 = Release|Any CPU
		{D4B6549A-6238-411B-AEC4-F69EFC906622}.Release|ARM64.ActiveCfg = Release|Any CPU
		{D4B6549A-6238-411B-AEC4-F69EFC906622}.Release|ARM64.Build.0 = Release|Any CPU
		{D4B6549A-6238-411B-AEC4-F69EFC906622}.Release|x64.ActiveCfg = Release|Any CPU
		{D4B6549A-6238-411B-AEC4-F69EFC906622}.Release|x64.Build.0 = Release|Any CPU
		{D4B6549A-6238-411B-AEC4-F69EFC906622}.Release|x86.ActiveCfg = Release|Any CPU
		{D4B6549A-6238-411B-AEC4-F69EFC906622}.Release|x86.Build.0 = Release|Any CPU
		{7131FD0D-F25A-4727-89DC-8FF2BA95DE14}.Debug|Any CPU.ActiveCfg = Debug|Any CPU
		{7131FD0D-F25A-4727-89DC-8FF2BA95DE14}.Debug|Any CPU.Build.0 = Debug|Any CPU
		{7131FD0D-F25A-4727-89DC-8FF2BA95DE14}.Debug|ARM.ActiveCfg = Debug|Any CPU
		{7131FD0D-F25A-4727-89DC-8FF2BA95DE14}.Debug|ARM.Build.0 = Debug|Any CPU
		{7131FD0D-F25A-4727-89DC-8FF2BA95DE14}.Debug|ARM64.ActiveCfg = Debug|Any CPU
		{7131FD0D-F25A-4727-89DC-8FF2BA95DE14}.Debug|ARM64.Build.0 = Debug|Any CPU
		{7131FD0D-F25A-4727-89DC-8FF2BA95DE14}.Debug|x64.ActiveCfg = Debug|Any CPU
		{7131FD0D-F25A-4727-89DC-8FF2BA95DE14}.Debug|x64.Build.0 = Debug|Any CPU
		{7131FD0D-F25A-4727-89DC-8FF2BA95DE14}.Debug|x86.ActiveCfg = Debug|Any CPU
		{7131FD0D-F25A-4727-89DC-8FF2BA95DE14}.Debug|x86.Build.0 = Debug|Any CPU
		{7131FD0D-F25A-4727-89DC-8FF2BA95DE14}.Release|Any CPU.ActiveCfg = Release|Any CPU
		{7131FD0D-F25A-4727-89DC-8FF2BA95DE14}.Release|Any CPU.Build.0 = Release|Any CPU
		{7131FD0D-F25A-4727-89DC-8FF2BA95DE14}.Release|ARM.ActiveCfg = Release|Any CPU
		{7131FD0D-F25A-4727-89DC-8FF2BA95DE14}.Release|ARM.Build.0 = Release|Any CPU
		{7131FD0D-F25A-4727-89DC-8FF2BA95DE14}.Release|ARM64.ActiveCfg = Release|Any CPU
		{7131FD0D-F25A-4727-89DC-8FF2BA95DE14}.Release|ARM64.Build.0 = Release|Any CPU
		{7131FD0D-F25A-4727-89DC-8FF2BA95DE14}.Release|x64.ActiveCfg = Release|Any CPU
		{7131FD0D-F25A-4727-89DC-8FF2BA95DE14}.Release|x64.Build.0 = Release|Any CPU
		{7131FD0D-F25A-4727-89DC-8FF2BA95DE14}.Release|x86.ActiveCfg = Release|Any CPU
		{7131FD0D-F25A-4727-89DC-8FF2BA95DE14}.Release|x86.Build.0 = Release|Any CPU
		{0E197289-3842-4C2F-9FA3-6EBDD9D337F4}.Debug|Any CPU.ActiveCfg = Debug|Any CPU
		{0E197289-3842-4C2F-9FA3-6EBDD9D337F4}.Debug|Any CPU.Build.0 = Debug|Any CPU
		{0E197289-3842-4C2F-9FA3-6EBDD9D337F4}.Debug|ARM.ActiveCfg = Debug|Any CPU
		{0E197289-3842-4C2F-9FA3-6EBDD9D337F4}.Debug|ARM.Build.0 = Debug|Any CPU
		{0E197289-3842-4C2F-9FA3-6EBDD9D337F4}.Debug|ARM64.ActiveCfg = Debug|Any CPU
		{0E197289-3842-4C2F-9FA3-6EBDD9D337F4}.Debug|ARM64.Build.0 = Debug|Any CPU
		{0E197289-3842-4C2F-9FA3-6EBDD9D337F4}.Debug|x64.ActiveCfg = Debug|Any CPU
		{0E197289-3842-4C2F-9FA3-6EBDD9D337F4}.Debug|x64.Build.0 = Debug|Any CPU
		{0E197289-3842-4C2F-9FA3-6EBDD9D337F4}.Debug|x86.ActiveCfg = Debug|Any CPU
		{0E197289-3842-4C2F-9FA3-6EBDD9D337F4}.Debug|x86.Build.0 = Debug|Any CPU
		{0E197289-3842-4C2F-9FA3-6EBDD9D337F4}.Release|Any CPU.ActiveCfg = Release|Any CPU
		{0E197289-3842-4C2F-9FA3-6EBDD9D337F4}.Release|Any CPU.Build.0 = Release|Any CPU
		{0E197289-3842-4C2F-9FA3-6EBDD9D337F4}.Release|ARM.ActiveCfg = Release|Any CPU
		{0E197289-3842-4C2F-9FA3-6EBDD9D337F4}.Release|ARM.Build.0 = Release|Any CPU
		{0E197289-3842-4C2F-9FA3-6EBDD9D337F4}.Release|ARM64.ActiveCfg = Release|Any CPU
		{0E197289-3842-4C2F-9FA3-6EBDD9D337F4}.Release|ARM64.Build.0 = Release|Any CPU
		{0E197289-3842-4C2F-9FA3-6EBDD9D337F4}.Release|x64.ActiveCfg = Release|Any CPU
		{0E197289-3842-4C2F-9FA3-6EBDD9D337F4}.Release|x64.Build.0 = Release|Any CPU
		{0E197289-3842-4C2F-9FA3-6EBDD9D337F4}.Release|x86.ActiveCfg = Release|Any CPU
		{0E197289-3842-4C2F-9FA3-6EBDD9D337F4}.Release|x86.Build.0 = Release|Any CPU
	EndGlobalSection
	GlobalSection(SolutionProperties) = preSolution
		HideSolutionNode = FALSE
	EndGlobalSection
	GlobalSection(ExtensibilityGlobals) = postSolution
		SolutionGuid = {E6CC39EE-56E9-48B9-9C06-D52220E9E607}
	EndGlobalSection
EndGlobal
